Microsoft Visual Studio Solution File, Format Version 12.00
# Visual Studio Version 17
VisualStudioVersion = 17.10.35001.0
MinimumVisualStudioVersion = 10.0.40219.1
Project("{FAE04EC0-301F-11D3-BF4B-00C04F79EFBC}") = "AIHub.Api", "src\AIHub.Api\AIHub.Api.csproj", "{E8B8B734-2B0B-4E3F-82D9-5DA603817BB0}"
EndProject
Project("{FAE04EC0-301F-11D3-BF4B-00C04F79EFBC}") = "AIHub.Modules.Management", "src\AIHub.Modules.Management\AIHub.Modules.Management.csproj", "{7E1D3D92-5DDA-42A7-BF79-9C999EE822CC}"
EndProject
Project("{FAE04EC0-301F-11D3-BF4B-00C04F79EFBC}") = "AIHub.Modules.ChatBox", "src\AIHub.Modules.ChatBox\AIHub.Modules.ChatBox.csproj", "{BDC640DA-7A4E-4E24-BE67-4F5959C8B76B}"
EndProject
Project("{FAE04EC0-301F-11D3-BF4B-00C04F79EFBC}") = "AIHub.Modules.MockApi", "src\AIHub.Modules.MockApi\AIHub.Modules.MockApi.csproj", "{AA6E7E9D-25AB-4A26-B31E-EADA39D933E1}"
EndProject
Project("{FAE04EC0-301F-11D3-BF4B-00C04F79EFBC}") = "AIHub.Modules.Tooling", "src\AIHub.Modules.Tooling\AIHub.Modules.Tooling.csproj", "{91BDA584-C6CB-417F-8A80-96C00BAD828A}"
EndProject
Project("{FAE04EC0-301F-11D3-BF4B-00C04F79EFBC}") = "AIHub.Modules.SemanticKernel", "src\AIHub.Modules.SemanticKernel\AIHub.Modules.SemanticKernel.csproj", "{C2B2D73E-7C88-4E86-8E72-F4C83498FCF1}"
EndProject
Project("{FAE04EC0-301F-11D3-BF4B-00C04F79EFBC}") = "AIHub.ProductApi", "src\AIHub.ProductApi\AIHub.ProductApi.csproj", "{8E58E9D2-72C3-4B44-99B3-61A2DD65DBA6}"
EndProject
Project("{FAE04EC0-301F-11D3-BF4B-00C04F79EFBC}") = "AIHub.ServiceDefaults", "src\AIHub.ServiceDefaults\AIHub.ServiceDefaults.csproj", "{AAAC3D6E-EAB3-4448-B58B-9E5434F3CDE1}"
EndProject
Project("{FAE04EC0-301F-11D3-BF4B-00C04F79EFBC}") = "AIHub.AppHost", "src\AIHub.AppHost\AIHub.AppHost.csproj", "{B0931235-0347-42A8-968D-BDAE343CBD02}"
EndProject
Global
	GlobalSection(SolutionConfigurationPlatforms) = preSolution
		Debug|Any CPU = Debug|Any CPU
		Release|Any CPU = Release|Any CPU
	EndGlobalSection
	GlobalSection(ProjectConfigurationPlatforms) = postSolution
		{E8B8B734-2B0B-4E3F-82D9-5DA603817BB0}.Debug|Any CPU.ActiveCfg = Debug|Any CPU
		{E8B8B734-2B0B-4E3F-82D9-5DA603817BB0}.Debug|Any CPU.Build.0 = Debug|Any CPU
		{E8B8B734-2B0B-4E3F-82D9-5DA603817BB0}.Release|Any CPU.ActiveCfg = Release|Any CPU
		{E8B8B734-2B0B-4E3F-82D9-5DA603817BB0}.Release|Any CPU.Build.0 = Release|Any CPU
		{7E1D3D92-5DDA-42A7-BF79-9C999EE822CC}.Debug|Any CPU.ActiveCfg = Debug|Any CPU
		{7E1D3D92-5DDA-42A7-BF79-9C999EE822CC}.Debug|Any CPU.Build.0 = Debug|Any CPU
		{7E1D3D92-5DDA-42A7-BF79-9C999EE822CC}.Release|Any CPU.ActiveCfg = Release|Any CPU
		{7E1D3D92-5DDA-42A7-BF79-9C999EE822CC}.Release|Any CPU.Build.0 = Release|Any CPU
		{BDC640DA-7A4E-4E24-BE67-4F5959C8B76B}.Debug|Any CPU.ActiveCfg = Debug|Any CPU
		{BDC640DA-7A4E-4E24-BE67-4F5959C8B76B}.Debug|Any CPU.Build.0 = Debug|Any CPU
		{BDC640DA-7A4E-4E24-BE67-4F5959C8B76B}.Release|Any CPU.ActiveCfg = Release|Any CPU
		{BDC640DA-7A4E-4E24-BE67-4F5959C8B76B}.Release|Any CPU.Build.0 = Release|Any CPU
		{AA6E7E9D-25AB-4A26-B31E-EADA39D933E1}.Debug|Any CPU.ActiveCfg = Debug|Any CPU
		{AA6E7E9D-25AB-4A26-B31E-EADA39D933E1}.Debug|Any CPU.Build.0 = Debug|Any CPU
		{AA6E7E9D-25AB-4A26-B31E-EADA39D933E1}.Release|Any CPU.ActiveCfg = Release|Any CPU
		{AA6E7E9D-25AB-4A26-B31E-EADA39D933E1}.Release|Any CPU.Build.0 = Release|Any CPU
		{91BDA584-C6CB-417F-8A80-96C00BAD828A}.Debug|Any CPU.ActiveCfg = Debug|Any CPU
		{91BDA584-C6CB-417F-8A80-96C00BAD828A}.Debug|Any CPU.Build.0 = Debug|Any CPU
		{91BDA584-C6CB-417F-8A80-96C00BAD828A}.Release|Any CPU.ActiveCfg = Release|Any CPU
		{91BDA584-C6CB-417F-8A80-96C00BAD828A}.Release|Any CPU.Build.0 = Release|Any CPU
		{C2B2D73E-7C88-4E86-8E72-F4C83498FCF1}.Debug|Any CPU.ActiveCfg = Debug|Any CPU
		{C2B2D73E-7C88-4E86-8E72-F4C83498FCF1}.Debug|Any CPU.Build.0 = Debug|Any CPU
		{C2B2D73E-7C88-4E86-8E72-F4C83498FCF1}.Release|Any CPU.ActiveCfg = Release|Any CPU
		{C2B2D73E-7C88-4E86-8E72-F4C83498FCF1}.Release|Any CPU.Build.0 = Release|Any CPU
		{8E58E9D2-72C3-4B44-99B3-61A2DD65DBA6}.Debug|Any CPU.ActiveCfg = Debug|Any CPU
		{8E58E9D2-72C3-4B44-99B3-61A2DD65DBA6}.Debug|Any CPU.Build.0 = Debug|Any CPU
		{8E58E9D2-72C3-4B44-99B3-61A2DD65DBA6}.Release|Any CPU.ActiveCfg = Release|Any CPU
		{8E58E9D2-72C3-4B44-99B3-61A2DD65DBA6}.Release|Any CPU.Build.0 = Release|Any CPU
		{AAAC3D6E-EAB3-4448-B58B-9E5434F3CDE1}.Debug|Any CPU.ActiveCfg = Debug|Any CPU
		{AAAC3D6E-EAB3-4448-B58B-9E5434F3CDE1}.Debug|Any CPU.Build.0 = Debug|Any CPU
		{AAAC3D6E-EAB3-4448-B58B-9E5434F3CDE1}.Release|Any CPU.ActiveCfg = Release|Any CPU
		{AAAC3D6E-EAB3-4448-B58B-9E5434F3CDE1}.Release|Any CPU.Build.0 = Release|Any CPU
		{B0931235-0347-42A8-968D-BDAE343CBD02}.Debug|Any CPU.ActiveCfg = Debug|Any CPU
		{B0931235-0347-42A8-968D-BDAE343CBD02}.Debug|Any CPU.Build.0 = Debug|Any CPU
		{B0931235-0347-42A8-968D-BDAE343CBD02}.Release|Any CPU.ActiveCfg = Release|Any CPU
		{B0931235-0347-42A8-968D-BDAE343CBD02}.Release|Any CPU.Build.0 = Release|Any CPU
	EndGlobalSection
EndGlobal
